{
    "name": "skynode-totaljs-net",
    "version": "1.0.0",
    "lockfileVersion": 1,
    "requires": true,
    "dependencies": {
        "skynode-totaljs-utils": {
            "version": "git+https://github.com/skynode-integration/skynode-totaljs-utils.git#889b981115212e43b49de6034a005992a0f65a97",
            "from": "git+https://github.com/skynode-integration/skynode-totaljs-utils.git#master"
        }
    }
}
